
Microsoft Visual Studio Solution File, Format Version 12.00
# Visual Studio 15
VisualStudioVersion = 15.0.28307.329
MinimumVisualStudioVersion = 10.0.40219.1
Project("{FAE04EC0-301F-11D3-BF4B-00C04F79EFBC}") = "PewPewAsteroid", "PewPewAsteroid\PewPewAsteroid.csproj", "{603A742F-15E8-4810-9683-FDACE7B5EDA6}"
EndProject
Global
	GlobalSection(SolutionConfigurationPlatforms) = preSolution
		Debug|x86 = Debug|x86
		Release|x86 = Release|x86
	EndGlobalSection
	GlobalSection(ProjectConfigurationPlatforms) = postSolution
		{603A742F-15E8-4810-9683-FDACE7B5EDA6}.Debug|x86.ActiveCfg = Debug|x86
		{603A742F-15E8-4810-9683-FDACE7B5EDA6}.Debug|x86.Build.0 = Debug|x86
		{603A742F-15E8-4810-9683-FDACE7B5EDA6}.Release|x86.ActiveCfg = Release|x86
		{603A742F-15E8-4810-9683-FDACE7B5EDA6}.Release|x86.Build.0 = Release|x86
	EndGlobalSection
	GlobalSection(SolutionProperties) = preSolution
		HideSolutionNode = FALSE
	EndGlobalSection
	GlobalSection(ExtensibilityGlobals) = postSolution
		SolutionGuid = {B18B0E43-7A41-4A61-A06C-4657CD58F240}
	EndGlobalSection
EndGlobal
